// !$*UTF8*$!
{
	archiveVersion = 1;
	classes = {
	};
	objectVersion = 77;
	objects = {

/* Begin PBXBuildFile section */
		0195DEAAD98D94C890C5BEDA /* ScanModel.swift in Sources */ = {isa = PBXBuildFile; fileRef = ADA85247D37BA4AA7819F5E4 /* ScanModel.swift */; };
		11C548A68DA96861D77D7C69 /* ScanToSimApp.swift in Sources */ = {isa = PBXBuildFile; fileRef = A35B4097C79932FDE2542B99 /* ScanToSimApp.swift */; };
		36A85A99EB1AFD460A003B4D /* MiniMap.swift in Sources */ = {isa = PBXBuildFile; fileRef = 75D91DA01830C50EA581C72F /* MiniMap.swift */; };
		381A2B12CB6CA42447C8FE2D /* MeshData.swift in Sources */ = {isa = PBXBuildFile; fileRef = 6B75A6CDCA28799F7AAEAD7C /* MeshData.swift */; };
		5A84A26C5C555EB2B7CF43A9 /* Geometry.swift in Sources */ = {isa = PBXBuildFile; fileRef = 5BD2616DFBA772CA2382A07C /* Geometry.swift */; };
		6B21D30A990907FD2EE79E46 /* Exporter.swift in Sources */ = {isa = PBXBuildFile; fileRef = 5BAA2E0D7CE760AB718BFC99 /* Exporter.swift */; };
		77D378156BDB7CD6A537ECA8 /* ContentView.swift in Sources */ = {isa = PBXBuildFile; fileRef = 7D57C926E37773871C1601FA /* ContentView.swift */; };
		8D5CE997CE4059B9C31C2D85 /* KeyframeRecorder.swift in Sources */ = {isa = PBXBuildFile; fileRef = 2B430C8086B78DB4C03AB3B0 /* KeyframeRecorder.swift */; };
		8E97D29D8C92DAC825705251 /* GLBWriter.swift in Sources */ = {isa = PBXBuildFile; fileRef = ADEB149CB80F6DAA7549FE2E /* GLBWriter.swift */; };
		A367A7B5D3CBF9C18CEC7A84 /* CoverageOverlay.swift in Sources */ = {isa = PBXBuildFile; fileRef = FC20464C824BA4ED5A04B25D /* CoverageOverlay.swift */; };
		CFB7247807AC4D7E57810E8B /* ReviewView.swift in Sources */ = {isa = PBXBuildFile; fileRef = C1A4B9FEB43DD597AF454E78 /* ReviewView.swift */; };
/* End PBXBuildFile section */

/* Begin PBXFileReference section */
		2B430C8086B78DB4C03AB3B0 /* KeyframeRecorder.swift */ = {isa = PBXFileReference; lastKnownFileType = sourcecode.swift; path = KeyframeRecorder.swift; sourceTree = "<group>"; };
		5BAA2E0D7CE760AB718BFC99 /* Exporter.swift */ = {isa = PBXFileReference; lastKnownFileType = sourcecode.swift; path = Exporter.swift; sourceTree = "<group>"; };
		5BD2616DFBA772CA2382A07C /* Geometry.swift */ = {isa = PBXFileReference; lastKnownFileType = sourcecode.swift; path = Geometry.swift; sourceTree = "<group>"; };
		6B75A6CDCA28799F7AAEAD7C /* MeshData.swift */ = {isa = PBXFileReference; lastKnownFileType = sourcecode.swift; path = MeshData.swift; sourceTree = "<group>"; };
		75D91DA01830C50EA581C72F /* MiniMap.swift */ = {isa = PBXFileReference; lastKnownFileType = sourcecode.swift; path = MiniMap.swift; sourceTree = "<group>"; };
		7B5ECA52668744FD15FE928A /* Info.plist */ = {isa = PBXFileReference; lastKnownFileType = text.plist; path = Info.plist; sourceTree = "<group>"; };
		7D57C926E37773871C1601FA /* ContentView.swift */ = {isa = PBXFileReference; lastKnownFileType = sourcecode.swift; path = ContentView.swift; sourceTree = "<group>"; };
		97AF21E2EEFC535470F2FA83 /* ScanToSim.app */ = {isa = PBXFileReference; includeInIndex = 0; lastKnownFileType = wrapper.application; path = ScanToSim.app; sourceTree = BUILT_PRODUCTS_DIR; };
		A35B4097C79932FDE2542B99 /* ScanToSimApp.swift */ = {isa = PBXFileReference; lastKnownFileType = sourcecode.swift; path = ScanToSimApp.swift; sourceTree = "<group>"; };
		ADA85247D37BA4AA7819F5E4 /* ScanModel.swift */ = {isa = PBXFileReference; lastKnownFileType = sourcecode.swift; path = ScanModel.swift; sourceTree = "<group>"; };
		ADEB149CB80F6DAA7549FE2E /* GLBWriter.swift */ = {isa = PBXFileReference; lastKnownFileType = sourcecode.swift; path = GLBWriter.swift; sourceTree = "<group>"; };
		C1A4B9FEB43DD597AF454E78 /* ReviewView.swift */ = {isa = PBXFileReference; lastKnownFileType = sourcecode.swift; path = ReviewView.swift; sourceTree = "<group>"; };
		FC20464C824BA4ED5A04B25D /* CoverageOverlay.swift */ = {isa = PBXFileReference; lastKnownFileType = sourcecode.swift; path = CoverageOverlay.swift; sourceTree = "<group>"; };
/* End PBXFileReference section */

/* Begin PBXGroup section */
		7ABB0D1469651C9E04DAD410 /* Products */ = {
			isa = PBXGroup;
			children = (
				97AF21E2EEFC535470F2FA83 /* ScanToSim.app */,
			);
			name = Products;
			sourceTree = "<group>";
		};
		81F0E8FA5E637E71FC67CFCD = {
			isa = PBXGroup;
			children = (
				E2DA2844B37A96350ACC6A59 /* ScanToSim */,
				7ABB0D1469651C9E04DAD410 /* Products */,
			);
			sourceTree = "<group>";
		};
		E2DA2844B37A96350ACC6A59 /* ScanToSim */ = {
			isa = PBXGroup;
			children = (
				7D57C926E37773871C1601FA /* ContentView.swift */,
				FC20464C824BA4ED5A04B25D /* CoverageOverlay.swift */,
				5BAA2E0D7CE760AB718BFC99 /* Exporter.swift */,
				5BD2616DFBA772CA2382A07C /* Geometry.swift */,
				ADEB149CB80F6DAA7549FE2E /* GLBWriter.swift */,
				7B5ECA52668744FD15FE928A /* Info.plist */,
				2B430C8086B78DB4C03AB3B0 /* KeyframeRecorder.swift */,
				6B75A6CDCA28799F7AAEAD7C /* MeshData.swift */,
				75D91DA01830C50EA581C72F /* MiniMap.swift */,
				C1A4B9FEB43DD597AF454E78 /* ReviewView.swift */,
				ADA85247D37BA4AA7819F5E4 /* ScanModel.swift */,
				A35B4097C79932FDE2542B99 /* ScanToSimApp.swift */,
			);
			path = ScanToSim;
			sourceTree = "<group>";
		};
/* End PBXGroup section */

/* Begin PBXNativeTarget section */
		961E1BB6929C85A9D2423DC4 /* ScanToSim */ = {
			isa = PBXNativeTarget;
			buildConfigurationList = 24D08A7058F57CF80E2B0EEC /* Build configuration list for PBXNativeTarget "ScanToSim" */;
			buildPhases = (
				8D65CAC4B78EE1BFCB52511E /* Sources */,
			);
			buildRules = (
			);
			dependencies = (
			);
			name = ScanToSim;
			packageProductDependencies = (
			);
			productName = ScanToSim;
			productReference = 97AF21E2EEFC535470F2FA83 /* ScanToSim.app */;
			productType = "com.apple.product-type.application";
		};
/* End PBXNativeTarget section */

/* Begin PBXProject section */
		6DE03574E91DE42D16D02977 /* Project object */ = {
			isa = PBXProject;
			attributes = {
				BuildIndependentTargetsInParallel = YES;
				LastUpgradeCheck = 1430;
				TargetAttributes = {
					961E1BB6929C85A9D2423DC4 = {
						DevelopmentTeam = JC3W536XWY;
						ProvisioningStyle = Automatic;
					};
				};
			};
			buildConfigurationList = 0D6B4012953BEECAE717CA4E /* Build configuration list for PBXProject "ScanToSim" */;
			developmentRegion = en;
			hasScannedForEncodings = 0;
			knownRegions = (
				Base,
				en,
			);
			mainGroup = 81F0E8FA5E637E71FC67CFCD;
			minimizedProjectReferenceProxies = 1;
			preferredProjectObjectVersion = 77;
			productRefGroup = 7ABB0D1469651C9E04DAD410 /* Products */;
			projectDirPath = "";
			projectRoot = "";
			targets = (
				961E1BB6929C85A9D2423DC4 /* ScanToSim */,
			);
		};
/* End PBXProject section */

/* Begin PBXSourcesBuildPhase section */
		8D65CAC4B78EE1BFCB52511E /* Sources */ = {
			isa = PBXSourcesBuildPhase;
			buildActionMask = 2147483647;
			files = (
				77D378156BDB7CD6A537ECA8 /* ContentView.swift in Sources */,
				A367A7B5D3CBF9C18CEC7A84 /* CoverageOverlay.swift in Sources */,
				6B21D30A990907FD2EE79E46 /* Exporter.swift in Sources */,
				8E97D29D8C92DAC825705251 /* GLBWriter.swift in Sources */,
				5A84A26C5C555EB2B7CF43A9 /* Geometry.swift in Sources */,
				8D5CE997CE4059B9C31C2D85 /* KeyframeRecorder.swift in Sources */,
				381A2B12CB6CA42447C8FE2D /* MeshData.swift in Sources */,
				36A85A99EB1AFD460A003B4D /* MiniMap.swift in Sources */,
				CFB7247807AC4D7E57810E8B /* ReviewView.swift in Sources */,
				0195DEAAD98D94C890C5BEDA /* ScanModel.swift in Sources */,
				11C548A68DA96861D77D7C69 /* ScanToSimApp.swift in Sources */,
			);
			runOnlyForDeploymentPostprocessing = 0;
		};
/* End PBXSourcesBuildPhase section */

/* Begin XCBuildConfiguration section */
		1C03A3336B36EF2BE64BFD72 /* Debug */ = {
			isa = XCBuildConfiguration;
			buildSettings = {
				ALWAYS_SEARCH_USER_PATHS = NO;
				CLANG_ANALYZER_NONNULL = YES;
				CLANG_ANALYZER_NUMBER_OBJECT_CONVERSION = YES_AGGRESSIVE;
				CLANG_CXX_LANGUAGE_STANDARD = "gnu++14";
				CLANG_CXX_LIBRARY = "libc++";
				CLANG_ENABLE_MODULES = YES;
				CLANG_ENABLE_OBJC_ARC = YES;
				CLANG_ENABLE_OBJC_WEAK = YES;
				CLANG_WARN_BLOCK_CAPTURE_AUTORELEASING = YES;
				CLANG_WARN_BOOL_CONVERSION = YES;
				CLANG_WARN_COMMA = YES;
				CLANG_WARN_CONSTANT_CONVERSION = YES;
				CLANG_WARN_DEPRECATED_OBJC_IMPLEMENTATIONS = YES;
				CLANG_WARN_DIRECT_OBJC_ISA_USAGE = YES_ERROR;
				CLANG_WARN_DOCUMENTATION_COMMENTS = YES;
				CLANG_WARN_EMPTY_BODY = YES;
				CLANG_WARN_ENUM_CONVERSION = YES;
				CLANG_WARN_INFINITE_RECURSION = YES;
				CLANG_WARN_INT_CONVERSION = YES;
				CLANG_WARN_NON_LITERAL_NULL_CONVERSION = YES;
				CLANG_WARN_OBJC_IMPLICIT_RETAIN_SELF = YES;
				CLANG_WARN_OBJC_LITERAL_CONVERSION = YES;
				CLANG_WARN_OBJC_ROOT_CLASS = YES_ERROR;
				CLANG_WARN_QUOTED_INCLUDE_IN_FRAMEWORK_HEADER = YES;
				CLANG_WARN_RANGE_LOOP_ANALYSIS = YES;
				CLANG_WARN_STRICT_PROTOTYPES = YES;
				CLANG_WARN_SUSPICIOUS_MOVE = YES;
				CLANG_WARN_UNGUARDED_AVAILABILITY = YES_AGGRESSIVE;
				CLANG_WARN_UNREACHABLE_CODE = YES;
				CLANG_WARN__DUPLICATE_METHOD_MATCH = YES;
				CODE_SIGN_STYLE = Automatic;
				COPY_PHASE_STRIP = NO;
				DEBUG_INFORMATION_FORMAT = dwarf;
				DEVELOPMENT_TEAM = JC3W536XWY;
				ENABLE_STRICT_OBJC_MSGSEND = YES;
				ENABLE_TESTABILITY = YES;
				GCC_C_LANGUAGE_STANDARD = gnu11;
				GCC_DYNAMIC_NO_PIC = NO;
				GCC_NO_COMMON_BLOCKS = YES;
				GCC_OPTIMIZATION_LEVEL = 0;
				GCC_PREPROCESSOR_DEFINITIONS = (
					"$(inherited)",
					"DEBUG=1",
				);
				GCC_WARN_64_TO_32_BIT_CONVERSION = YES;
				GCC_WARN_ABOUT_RETURN_TYPE = YES_ERROR;
				GCC_WARN_UNDECLARED_SELECTOR = YES;
				GCC_WARN_UNINITIALIZED_AUTOS = YES_AGGRESSIVE;
				GCC_WARN_UNUSED_FUNCTION = YES;
				GCC_WARN_UNUSED_VARIABLE = YES;
				IPHONEOS_DEPLOYMENT_TARGET = 17.0;
				MTL_ENABLE_DEBUG_INFO = INCLUDE_SOURCE;
				MTL_FAST_MATH = YES;
				ONLY_ACTIVE_ARCH = YES;
				PRODUCT_NAME = "$(TARGET_NAME)";
				SDKROOT = iphoneos;
				SWIFT_ACTIVE_COMPILATION_CONDITIONS = DEBUG;
				SWIFT_OPTIMIZATION_LEVEL = "-Onone";
				SWIFT_VERSION = 5.0;
			};
			name = Debug;
		};
		C94BB9B329BA46B81DC7D4D7 /* Release */ = {
			isa = XCBuildConfiguration;
			buildSettings = {
				ASSETCATALOG_COMPILER_APPICON_NAME = AppIcon;
				CODE_SIGN_IDENTITY = "iPhone Developer";
				CURRENT_PROJECT_VERSION = 1;
				INFOPLIST_FILE = ScanToSim/Info.plist;
				LD_RUNPATH_SEARCH_PATHS = (
					"$(inherited)",
					"@executable_path/Frameworks",
				);
				MARKETING_VERSION = 0.1;
				PRODUCT_BUNDLE_IDENTIFIER = com.azersky.ScanToSim;
				SDKROOT = iphoneos;
				TARGETED_DEVICE_FAMILY = 1;
			};
			name = Release;
		};
		DB0FB818FA11359A31107AA4 /* Release */ = {
			isa = XCBuildConfiguration;
			buildSettings = {
				ALWAYS_SEARCH_USER_PATHS = NO;
				CLANG_ANALYZER_NONNULL = YES;
				CLANG_ANALYZER_NUMBER_OBJECT_CONVERSION = YES_AGGRESSIVE;
				CLANG_CXX_LANGUAGE_STANDARD = "gnu++14";
				CLANG_CXX_LIBRARY = "libc++";
				CLANG_ENABLE_MODULES = YES;
				CLANG_ENABLE_OBJC_ARC = YES;
				CLANG_ENABLE_OBJC_WEAK = YES;
				CLANG_WARN_BLOCK_CAPTURE_AUTORELEASING = YES;
				CLANG_WARN_BOOL_CONVERSION = YES;
				CLANG_WARN_COMMA = YES;
				CLANG_WARN_CONSTANT_CONVERSION = YES;
				CLANG_WARN_DEPRECATED_OBJC_IMPLEMENTATIONS = YES;
				CLANG_WARN_DIRECT_OBJC_ISA_USAGE = YES_ERROR;
				CLANG_WARN_DOCUMENTATION_COMMENTS = YES;
				CLANG_WARN_EMPTY_BODY = YES;
				CLANG_WARN_ENUM_CONVERSION = YES;
				CLANG_WARN_INFINITE_RECURSION = YES;
				CLANG_WARN_INT_CONVERSION = YES;
				CLANG_WARN_NON_LITERAL_NULL_CONVERSION = YES;
				CLANG_WARN_OBJC_IMPLICIT_RETAIN_SELF = YES;
				CLANG_WARN_OBJC_LITERAL_CONVERSION = YES;
				CLANG_WARN_OBJC_ROOT_CLASS = YES_ERROR;
				CLANG_WARN_QUOTED_INCLUDE_IN_FRAMEWORK_HEADER = YES;
				CLANG_WARN_RANGE_LOOP_ANALYSIS = YES;
				CLANG_WARN_STRICT_PROTOTYPES = YES;
				CLANG_WARN_SUSPICIOUS_MOVE = YES;
				CLANG_WARN_UNGUARDED_AVAILABILITY = YES_AGGRESSIVE;
				CLANG_WARN_UNREACHABLE_CODE = YES;
				CLANG_WARN__DUPLICATE_METHOD_MATCH = YES;
				CODE_SIGN_STYLE = Automatic;
				COPY_PHASE_STRIP = NO;
				DEBUG_INFORMATION_FORMAT = "dwarf-with-dsym";
				DEVELOPMENT_TEAM = JC3W536XWY;
				ENABLE_NS_ASSERTIONS = NO;
				ENABLE_STRICT_OBJC_MSGSEND = YES;
				GCC_C_LANGUAGE_STANDARD = gnu11;
				GCC_NO_COMMON_BLOCKS = YES;
				GCC_WARN_64_TO_32_BIT_CONVERSION = YES;
				GCC_WARN_ABOUT_RETURN_TYPE = YES_ERROR;
				GCC_WARN_UNDECLARED_SELECTOR = YES;
				GCC_WARN_UNINITIALIZED_AUTOS = YES_AGGRESSIVE;
				GCC_WARN_UNUSED_FUNCTION = YES;
				GCC_WARN_UNUSED_VARIABLE = YES;
				IPHONEOS_DEPLOYMENT_TARGET = 17.0;
				MTL_ENABLE_DEBUG_INFO = NO;
				MTL_FAST_MATH = YES;
				PRODUCT_NAME = "$(TARGET_NAME)";
				SDKROOT = iphoneos;
				SWIFT_COMPILATION_MODE = wholemodule;
				SWIFT_OPTIMIZATION_LEVEL = "-O";
				SWIFT_VERSION = 5.0;
			};
			name = Release;
		};
		DE793B071F5ADAB538DD0CEB /* Debug */ = {
			isa = XCBuildConfiguration;
			buildSettings = {
				ASSETCATALOG_COMPILER_APPICON_NAME = AppIcon;
				CODE_SIGN_IDENTITY = "iPhone Developer";
				CURRENT_PROJECT_VERSION = 1;
				INFOPLIST_FILE = ScanToSim/Info.plist;
				LD_RUNPATH_SEARCH_PATHS = (
					"$(inherited)",
					"@executable_path/Frameworks",
				);
				MARKETING_VERSION = 0.1;
				PRODUCT_BUNDLE_IDENTIFIER = com.azersky.ScanToSim;
				SDKROOT = iphoneos;
				TARGETED_DEVICE_FAMILY = 1;
			};
			name = Debug;
		};
/* End XCBuildConfiguration section */

/* Begin XCConfigurationList section */
		0D6B4012953BEECAE717CA4E /* Build configuration list for PBXProject "ScanToSim" */ = {
			isa = XCConfigurationList;
			buildConfigurations = (
				1C03A3336B36EF2BE64BFD72 /* Debug */,
				DB0FB818FA11359A31107AA4 /* Release */,
			);
			defaultConfigurationIsVisible = 0;
			defaultConfigurationName = Debug;
		};
		24D08A7058F57CF80E2B0EEC /* Build configuration list for PBXNativeTarget "ScanToSim" */ = {
			isa = XCConfigurationList;
			buildConfigurations = (
				DE793B071F5ADAB538DD0CEB /* Debug */,
				C94BB9B329BA46B81DC7D4D7 /* Release */,
			);
			defaultConfigurationIsVisible = 0;
			defaultConfigurationName = Debug;
		};
/* End XCConfigurationList section */
	};
	rootObject = 6DE03574E91DE42D16D02977 /* Project object */;
}
